{
  "requires": true,
  "lockfileVersion": 1,
  "dependencies": {
    "vanillatop": {
      "version": "1.0.4",
      "resolved": "https://registry.npmjs.org/vanillatop/-/vanillatop-1.0.4.tgz",
      "integrity": "sha512-RoA5v059osTUngSS1qR7zLWvAsc9UawH1pTuL5IrnQLGg7z7pz8kHqy+bbhTi+HF6kS549XIi0ZqPGEFBGR0uQ=="
    }
  }
}
